
Microsoft Visual Studio Solution File, Format Version 12.00
# Visual Studio Version 17
VisualStudioVersion = 17.14.36518.9 d17.14
MinimumVisualStudioVersion = 10.0.40219.1
Project("{FAE04EC0-301F-11D3-BF4B-00C04F79EFBC}") = "Server", "Server.csproj", "{423FC1B7-51A6-4DEC-B392-B3FE361EB6B2}"
EndProject
Global
	GlobalSection(SolutionConfigurationPlatforms) = preSolution
		Debug|Any CPU = Debug|Any CPU
		Release|Any CPU = Release|Any CPU
	EndGlobalSection
	GlobalSection(ProjectConfigurationPlatforms) = postSolution
		{423FC1B7-51A6-4DEC-B392-B3FE361EB6B2}.Debug|Any CPU.ActiveCfg = Debug|Any CPU
		{423FC1B7-51A6-4DEC-B392-B3FE361EB6B2}.Debug|Any CPU.Build.0 = Debug|Any CPU
		{423FC1B7-51A6-4DEC-B392-B3FE361EB6B2}.Release|Any CPU.ActiveCfg = Release|Any CPU
		{423FC1B7-51A6-4DEC-B392-B3FE361EB6B2}.Release|Any CPU.Build.0 = Release|Any CPU
	EndGlobalSection
	GlobalSection(SolutionProperties) = preSolution
		HideSolutionNode = FALSE
	EndGlobalSection
	GlobalSection(ExtensibilityGlobals) = postSolution
		SolutionGuid = {EDD934E2-7B3E-43B9-B441-B0B52D619478}
	EndGlobalSection
EndGlobal
